{
  "meteor": {},
  "dependencies": {
    "basePackages": {
      "bootstrap-3": {},
      "accounts-linkedin": {},
      "accounts-meld-client-bootstrap": {},
      "accounts-templates-bootstrap": {},
      "accounts-meld": {},
      "accounts-templates-core": {
        "version": "0.0.9"
      }
    },
    "packages": {
      "bootstrap-3": {
        "git": "https://github.com/mangasocial/meteor-bootstrap-3.git",
        "tag": "v3.1.1-1",
        "commit": "63dd38968828bb8963636df93e9a1c45e2dfe67e"
      },
      "accounts-linkedin": {
        "git": "https://github.com/yefim/meteor-accounts-linkedin.git",
        "tag": "v0.0.6",
        "commit": "58ae8fc9da845c2eabcacc5cc6a238af6189d19d"
      },
      "accounts-meld-client-bootstrap": {
        "git": "https://github.com/splendido/meteor-accounts-meld-client-templates-bootstrap.git",
        "tag": "v1.0.3",
        "commit": "c63022166f16da1bba615e8b6759d5e1d158986d"
      },
      "accounts-templates-bootstrap": {
        "git": "https://github.com/splendido/accounts-templates-bootstrap.git",
        "tag": "v0.0.10",
        "commit": "3e1b8c9cc0675158ed9d382551cecdbdcd1c0380"
      },
      "accounts-meld": {
        "git": "https://github.com/splendido/meteor-accounts-meld.git",
        "tag": "v1.1.1",
        "commit": "51232d314f41dc8ef09c8b1963d4c1648f6702c3"
      },
      "accounts-templates-core": {
        "git": "https://github.com/splendido/accounts-templates-core.git",
        "tag": "v0.0.9",
        "commit": "e8fd725897d8c0d69f6271ff7b9fa902e0e3b02e"
      },
      "linkedin": {
        "git": "https://github.com/yefim/meteor-linkedin.git",
        "tag": "v0.0.2",
        "commit": "c3bac682ea0edd19e58b9172e708f91616888ba0"
      },
      "accounts-t9n": {
        "git": "https://github.com/splendido/meteor-accounts-t9n.git",
        "branch": "master",
        "commit": "8e6c9de02ed12d71fa2dcd79d59bc7952cb22097"
      },
      "iron-router": {
        "git": "https://github.com/EventedMind/iron-router.git",
        "tag": "v0.7.1",
        "commit": "d1ffb3f06ea4c112132b030f2eb1a70b81675ecb"
      },
      "blaze-layout": {
        "git": "https://github.com/EventedMind/blaze-layout.git",
        "tag": "v0.2.4",
        "commit": "b40e9b0612329288d75cf52ad14a7da64bb8618f"
      }
    }
  }
}
